Microsoft Visual Studio Solution File, Format Version 11.00
# Visual Studio 2008

Project("{1B60614E-7139-E3E0-E729-9AE7810D51B8}") = "MouseGame", "Assembly-CSharp.csproj", "{160EDDC5-802C-A4AF-C0CF-ECFA2AC4DA7E}"
EndProject
Global
	GlobalSection(SolutionConfigurationPlatforms) = preSolution
		Debug|Any CPU = Debug|Any CPU
		Release|Any CPU = Release|Any CPU
	EndGlobalSection
	GlobalSection(ProjectConfigurationPlatforms) = postSolution
		{160EDDC5-802C-A4AF-C0CF-ECFA2AC4DA7E}.Debug|Any CPU.ActiveCfg = Debug|Any CPU
		{160EDDC5-802C-A4AF-C0CF-ECFA2AC4DA7E}.Debug|Any CPU.Build.0 = Debug|Any CPU
		{160EDDC5-802C-A4AF-C0CF-ECFA2AC4DA7E}.Release|Any CPU.ActiveCfg = Release|Any CPU
		{160EDDC5-802C-A4AF-C0CF-ECFA2AC4DA7E}.Release|Any CPU.Build.0 = Release|Any CPU
	EndGlobalSection
	GlobalSection(SolutionProperties) = preSolution
		HideSolutionNode = FALSE
	EndGlobalSection
	GlobalSection(MonoDevelopProperties) = preSolution
		StartupItem = Assembly-CSharp.csproj
	EndGlobalSection
EndGlobal
